
Microsoft Visual Studio Solution File, Format Version 12.00
# Visual Studio 2012
VisualStudioVersion = 12.0.30501.0
MinimumVisualStudioVersion = 10.0.40219.1
Project("{FAE04EC0-301F-11D3-BF4B-00C04F79EFBC}") = "Vocabilis", "Vocabilis\Vocabilis\Vocabilis.csproj", "{C645AD55-F848-4787-BEB1-78B3F0667389}"
EndProject
Project("{FAE04EC0-301F-11D3-BF4B-00C04F79EFBC}") = "Vocabilis.iOS", "Vocabilis\Vocabilis.iOS\Vocabilis.iOS.csproj", "{03D216E2-1FB3-4B54-99A2-F3E7587CE83B}"
EndProject
Project("{FAE04EC0-301F-11D3-BF4B-00C04F79EFBC}") = "Vocabilis.Android", "Vocabilis\Vocabilis.Android\Vocabilis.Android.csproj", "{C5B75501-A55D-4CAD-BA20-DDD5ED89589A}"
EndProject
Project("{FAE04EC0-301F-11D3-BF4B-00C04F79EFBC}") = "Vocabilis.WinPhone", "Vocabilis\Vocabilis.WinPhone\Vocabilis.WinPhone.csproj", "{8543B6D7-0198-4A60-B231-A3643AF2308A}"
EndProject
Project("{2150E333-8FDC-42A3-9474-1A3956D46DE8}") = ".nuget", ".nuget", "{6877BDF7-40B3-4898-96FA-F45F255959E8}"
	ProjectSection(SolutionItems) = preProject
		.nuget\NuGet.Config = .nuget\NuGet.Config
		.nuget\NuGet.exe = .nuget\NuGet.exe
		.nuget\NuGet.targets = .nuget\NuGet.targets
	EndProjectSection
EndProject
Project("{FAE04EC0-301F-11D3-BF4B-00C04F79EFBC}") = "Vocabilis.Android.Demo", "Vocabilis\Vocabilis.Android-Lite\Vocabilis.Android.Demo.csproj", "{C1EB5EE2-9232-4692-8460-DA9350CFE340}"
EndProject
Global
	GlobalSection(SolutionConfigurationPlatforms) = preSolution
		Ad-Hoc|Any CPU = Ad-Hoc|Any CPU
		Ad-Hoc|ARM = Ad-Hoc|ARM
		Ad-Hoc|iPhone = Ad-Hoc|iPhone
		Ad-Hoc|iPhoneSimulator = Ad-Hoc|iPhoneSimulator
		Ad-Hoc|Mixed Platforms = Ad-Hoc|Mixed Platforms
		Ad-Hoc|x86 = Ad-Hoc|x86
		AppStore|Any CPU = AppStore|Any CPU
		AppStore|ARM = AppStore|ARM
		AppStore|iPhone = AppStore|iPhone
		AppStore|iPhoneSimulator = AppStore|iPhoneSimulator
		AppStore|Mixed Platforms = AppStore|Mixed Platforms
		AppStore|x86 = AppStore|x86
		Debug|Any CPU = Debug|Any CPU
		Debug|ARM = Debug|ARM
		Debug|iPhone = Debug|iPhone
		Debug|iPhoneSimulator = Debug|iPhoneSimulator
		Debug|Mixed Platforms = Debug|Mixed Platforms
		Debug|x86 = Debug|x86
		Release|Any CPU = Release|Any CPU
		Release|ARM = Release|ARM
		Release|iPhone = Release|iPhone
		Release|iPhoneSimulator = Release|iPhoneSimulator
		Release|Mixed Platforms = Release|Mixed Platforms
		Release|x86 = Release|x86
	EndGlobalSection
	GlobalSection(ProjectConfigurationPlatforms) = postSolution
		{03D216E2-1FB3-4B54-99A2-F3E7587CE83B}.Ad-Hoc|Any CPU.ActiveCfg = Ad-Hoc|iPhone
		{03D216E2-1FB3-4B54-99A2-F3E7587CE83B}.Ad-Hoc|ARM.ActiveCfg = Ad-Hoc|iPhone
		{03D216E2-1FB3-4B54-99A2-F3E7587CE83B}.Ad-Hoc|iPhone.ActiveCfg = Ad-Hoc|iPhone
		{03D216E2-1FB3-4B54-99A2-F3E7587CE83B}.Ad-Hoc|iPhone.Build.0 = Ad-Hoc|iPhone
		{03D216E2-1FB3-4B54-99A2-F3E7587CE83B}.Ad-Hoc|iPhone.Deploy.0 = Ad-Hoc|iPhone
		{03D216E2-1FB3-4B54-99A2-F3E7587CE83B}.Ad-Hoc|iPhoneSimulator.ActiveCfg = Ad-Hoc|iPhoneSimulator
		{03D216E2-1FB3-4B54-99A2-F3E7587CE83B}.Ad-Hoc|iPhoneSimulator.Build.0 = Ad-Hoc|iPhoneSimulator
		{03D216E2-1FB3-4B54-99A2-F3E7587CE83B}.Ad-Hoc|iPhoneSimulator.Deploy.0 = Ad-Hoc|iPhoneSimulator
		{03D216E2-1FB3-4B54-99A2-F3E7587CE83B}.Ad-Hoc|Mixed Platforms.ActiveCfg = Ad-Hoc|iPhone
		{03D216E2-1FB3-4B54-99A2-F3E7587CE83B}.Ad-Hoc|Mixed Platforms.Build.0 = Ad-Hoc|iPhone
		{03D216E2-1FB3-4B54-99A2-F3E7587CE83B}.Ad-Hoc|Mixed Platforms.Deploy.0 = Ad-Hoc|iPhone
		{03D216E2-1FB3-4B54-99A2-F3E7587CE83B}.Ad-Hoc|x86.ActiveCfg = Ad-Hoc|iPhone
		{03D216E2-1FB3-4B54-99A2-F3E7587CE83B}.AppStore|Any CPU.ActiveCfg = AppStore|iPhone
		{03D216E2-1FB3-4B54-99A2-F3E7587CE83B}.AppStore|ARM.ActiveCfg = AppStore|iPhone
		{03D216E2-1FB3-4B54-99A2-F3E7587CE83B}.AppStore|iPhone.ActiveCfg = AppStore|iPhone
		{03D216E2-1FB3-4B54-99A2-F3E7587CE83B}.AppStore|iPhone.Build.0 = AppStore|iPhone
		{03D216E2-1FB3-4B54-99A2-F3E7587CE83B}.AppStore|iPhone.Deploy.0 = AppStore|iPhone
		{03D216E2-1FB3-4B54-99A2-F3E7587CE83B}.AppStore|iPhoneSimulator.ActiveCfg = AppStore|iPhoneSimulator
		{03D216E2-1FB3-4B54-99A2-F3E7587CE83B}.AppStore|iPhoneSimulator.Build.0 = AppStore|iPhoneSimulator
		{03D216E2-1FB3-4B54-99A2-F3E7587CE83B}.AppStore|iPhoneSimulator.Deploy.0 = AppStore|iPhoneSimulator
		{03D216E2-1FB3-4B54-99A2-F3E7587CE83B}.AppStore|Mixed Platforms.ActiveCfg = AppStore|iPhone
		{03D216E2-1FB3-4B54-99A2-F3E7587CE83B}.AppStore|Mixed Platforms.Build.0 = AppStore|iPhone
		{03D216E2-1FB3-4B54-99A2-F3E7587CE83B}.AppStore|Mixed Platforms.Deploy.0 = AppStore|iPhone
		{03D216E2-1FB3-4B54-99A2-F3E7587CE83B}.AppStore|x86.ActiveCfg = AppStore|iPhone
		{03D216E2-1FB3-4B54-99A2-F3E7587CE83B}.Debug|Any CPU.ActiveCfg = Debug|iPhone
		{03D216E2-1FB3-4B54-99A2-F3E7587CE83B}.Debug|Any CPU.Build.0 = Debug|iPhone
		{03D216E2-1FB3-4B54-99A2-F3E7587CE83B}.Debug|ARM.ActiveCfg = Debug|iPhone
		{03D216E2-1FB3-4B54-99A2-F3E7587CE83B}.Debug|iPhone.ActiveCfg = Debug|iPhone
		{03D216E2-1FB3-4B54-99A2-F3E7587CE83B}.Debug|iPhone.Build.0 = Debug|iPhone
		{03D216E2-1FB3-4B54-99A2-F3E7587CE83B}.Debug|iPhone.Deploy.0 = Debug|iPhone
		{03D216E2-1FB3-4B54-99A2-F3E7587CE83B}.Debug|iPhoneSimulator.ActiveCfg = Debug|iPhoneSimulator
		{03D216E2-1FB3-4B54-99A2-F3E7587CE83B}.Debug|iPhoneSimulator.Build.0 = Debug|iPhoneSimulator
		{03D216E2-1FB3-4B54-99A2-F3E7587CE83B}.Debug|iPhoneSimulator.Deploy.0 = Debug|iPhoneSimulator
		{03D216E2-1FB3-4B54-99A2-F3E7587CE83B}.Debug|Mixed Platforms.ActiveCfg = Debug|iPhone
		{03D216E2-1FB3-4B54-99A2-F3E7587CE83B}.Debug|Mixed Platforms.Build.0 = Debug|iPhone
		{03D216E2-1FB3-4B54-99A2-F3E7587CE83B}.Debug|Mixed Platforms.Deploy.0 = Debug|iPhone
		{03D216E2-1FB3-4B54-99A2-F3E7587CE83B}.Debug|x86.ActiveCfg = Debug|iPhone
		{03D216E2-1FB3-4B54-99A2-F3E7587CE83B}.Release|Any CPU.ActiveCfg = Release|iPhone
		{03D216E2-1FB3-4B54-99A2-F3E7587CE83B}.Release|Any CPU.Build.0 = Release|iPhone
		{03D216E2-1FB3-4B54-99A2-F3E7587CE83B}.Release|ARM.ActiveCfg = Release|iPhone
		{03D216E2-1FB3-4B54-99A2-F3E7587CE83B}.Release|iPhone.ActiveCfg = Release|iPhone
		{03D216E2-1FB3-4B54-99A2-F3E7587CE83B}.Release|iPhone.Build.0 = Release|iPhone
		{03D216E2-1FB3-4B54-99A2-F3E7587CE83B}.Release|iPhone.Deploy.0 = Release|iPhone
		{03D216E2-1FB3-4B54-99A2-F3E7587CE83B}.Release|iPhoneSimulator.ActiveCfg = Release|iPhoneSimulator
		{03D216E2-1FB3-4B54-99A2-F3E7587CE83B}.Release|iPhoneSimulator.Build.0 = Release|iPhoneSimulator
		{03D216E2-1FB3-4B54-99A2-F3E7587CE83B}.Release|iPhoneSimulator.Deploy.0 = Release|iPhoneSimulator
		{03D216E2-1FB3-4B54-99A2-F3E7587CE83B}.Release|Mixed Platforms.ActiveCfg = Release|iPhone
		{03D216E2-1FB3-4B54-99A2-F3E7587CE83B}.Release|Mixed Platforms.Build.0 = Release|iPhone
		{03D216E2-1FB3-4B54-99A2-F3E7587CE83B}.Release|Mixed Platforms.Deploy.0 = Release|iPhone
		{03D216E2-1FB3-4B54-99A2-F3E7587CE83B}.Release|x86.ActiveCfg = Release|iPhone
		{8543B6D7-0198-4A60-B231-A3643AF2308A}.Ad-Hoc|Any CPU.ActiveCfg = Release|Any CPU
		{8543B6D7-0198-4A60-B231-A3643AF2308A}.Ad-Hoc|Any CPU.Build.0 = Release|Any CPU
		{8543B6D7-0198-4A60-B231-A3643AF2308A}.Ad-Hoc|Any CPU.Deploy.0 = Release|Any CPU
		{8543B6D7-0198-4A60-B231-A3643AF2308A}.Ad-Hoc|ARM.ActiveCfg = Release|ARM
		{8543B6D7-0198-4A60-B231-A3643AF2308A}.Ad-Hoc|ARM.Build.0 = Release|ARM
		{8543B6D7-0198-4A60-B231-A3643AF2308A}.Ad-Hoc|ARM.Deploy.0 = Release|ARM
		{8543B6D7-0198-4A60-B231-A3643AF2308A}.Ad-Hoc|iPhone.ActiveCfg = Release|Any CPU
		{8543B6D7-0198-4A60-B231-A3643AF2308A}.Ad-Hoc|iPhoneSimulator.ActiveCfg = Release|Any CPU
		{8543B6D7-0198-4A60-B231-A3643AF2308A}.Ad-Hoc|Mixed Platforms.ActiveCfg = Release|x86
		{8543B6D7-0198-4A60-B231-A3643AF2308A}.Ad-Hoc|Mixed Platforms.Build.0 = Release|x86
		{8543B6D7-0198-4A60-B231-A3643AF2308A}.Ad-Hoc|Mixed Platforms.Deploy.0 = Release|x86
		{8543B6D7-0198-4A60-B231-A3643AF2308A}.Ad-Hoc|x86.ActiveCfg = Release|x86
		{8543B6D7-0198-4A60-B231-A3643AF2308A}.Ad-Hoc|x86.Build.0 = Release|x86
		{8543B6D7-0198-4A60-B231-A3643AF2308A}.Ad-Hoc|x86.Deploy.0 = Release|x86
		{8543B6D7-0198-4A60-B231-A3643AF2308A}.AppStore|Any CPU.ActiveCfg = Release|Any CPU
		{8543B6D7-0198-4A60-B231-A3643AF2308A}.AppStore|Any CPU.Build.0 = Release|Any CPU
		{8543B6D7-0198-4A60-B231-A3643AF2308A}.AppStore|Any CPU.Deploy.0 = Release|Any CPU
		{8543B6D7-0198-4A60-B231-A3643AF2308A}.AppStore|ARM.ActiveCfg = Release|ARM
		{8543B6D7-0198-4A60-B231-A3643AF2308A}.AppStore|ARM.Build.0 = Release|ARM
		{8543B6D7-0198-4A60-B231-A3643AF2308A}.AppStore|ARM.Deploy.0 = Release|ARM
		{8543B6D7-0198-4A60-B231-A3643AF2308A}.AppStore|iPhone.ActiveCfg = Release|Any CPU
		{8543B6D7-0198-4A60-B231-A3643AF2308A}.AppStore|iPhoneSimulator.ActiveCfg = Release|Any CPU
		{8543B6D7-0198-4A60-B231-A3643AF2308A}.AppStore|Mixed Platforms.ActiveCfg = Release|x86
		{8543B6D7-0198-4A60-B231-A3643AF2308A}.AppStore|Mixed Platforms.Build.0 = Release|x86
		{8543B6D7-0198-4A60-B231-A3643AF2308A}.AppStore|Mixed Platforms.Deploy.0 = Release|x86
		{8543B6D7-0198-4A60-B231-A3643AF2308A}.AppStore|x86.ActiveCfg = Release|x86
		{8543B6D7-0198-4A60-B231-A3643AF2308A}.AppStore|x86.Build.0 = Release|x86
		{8543B6D7-0198-4A60-B231-A3643AF2308A}.AppStore|x86.Deploy.0 = Release|x86
		{8543B6D7-0198-4A60-B231-A3643AF2308A}.Debug|Any CPU.ActiveCfg = Debug|Any CPU
		{8543B6D7-0198-4A60-B231-A3643AF2308A}.Debug|Any CPU.Build.0 = Debug|Any CPU
		{8543B6D7-0198-4A60-B231-A3643AF2308A}.Debug|Any CPU.Deploy.0 = Debug|Any CPU
		{8543B6D7-0198-4A60-B231-A3643AF2308A}.Debug|ARM.ActiveCfg = Debug|ARM
		{8543B6D7-0198-4A60-B231-A3643AF2308A}.Debug|ARM.Build.0 = Debug|ARM
		{8543B6D7-0198-4A60-B231-A3643AF2308A}.Debug|ARM.Deploy.0 = Debug|ARM
		{8543B6D7-0198-4A60-B231-A3643AF2308A}.Debug|iPhone.ActiveCfg = Debug|Any CPU
		{8543B6D7-0198-4A60-B231-A3643AF2308A}.Debug|iPhoneSimulator.ActiveCfg = Debug|Any CPU
		{8543B6D7-0198-4A60-B231-A3643AF2308A}.Debug|Mixed Platforms.ActiveCfg = Debug|x86
		{8543B6D7-0198-4A60-B231-A3643AF2308A}.Debug|Mixed Platforms.Build.0 = Debug|x86
		{8543B6D7-0198-4A60-B231-A3643AF2308A}.Debug|Mixed Platforms.Deploy.0 = Debug|x86
		{8543B6D7-0198-4A60-B231-A3643AF2308A}.Debug|x86.ActiveCfg = Debug|x86
		{8543B6D7-0198-4A60-B231-A3643AF2308A}.Debug|x86.Build.0 = Debug|x86
		{8543B6D7-0198-4A60-B231-A3643AF2308A}.Debug|x86.Deploy.0 = Debug|x86
		{8543B6D7-0198-4A60-B231-A3643AF2308A}.Release|Any CPU.ActiveCfg = Release|Any CPU
		{8543B6D7-0198-4A60-B231-A3643AF2308A}.Release|Any CPU.Build.0 = Release|Any CPU
		{8543B6D7-0198-4A60-B231-A3643AF2308A}.Release|Any CPU.Deploy.0 = Release|Any CPU
		{8543B6D7-0198-4A60-B231-A3643AF2308A}.Release|ARM.ActiveCfg = Release|ARM
		{8543B6D7-0198-4A60-B231-A3643AF2308A}.Release|ARM.Build.0 = Release|ARM
		{8543B6D7-0198-4A60-B231-A3643AF2308A}.Release|ARM.Deploy.0 = Release|ARM
		{8543B6D7-0198-4A60-B231-A3643AF2308A}.Release|iPhone.ActiveCfg = Release|Any CPU
		{8543B6D7-0198-4A60-B231-A3643AF2308A}.Release|iPhoneSimulator.ActiveCfg = Release|Any CPU
		{8543B6D7-0198-4A60-B231-A3643AF2308A}.Release|Mixed Platforms.ActiveCfg = Release|x86
		{8543B6D7-0198-4A60-B231-A3643AF2308A}.Release|Mixed Platforms.Build.0 = Release|x86
		{8543B6D7-0198-4A60-B231-A3643AF2308A}.Release|Mixed Platforms.Deploy.0 = Release|x86
		{8543B6D7-0198-4A60-B231-A3643AF2308A}.Release|x86.ActiveCfg = Release|x86
		{8543B6D7-0198-4A60-B231-A3643AF2308A}.Release|x86.Build.0 = Release|x86
		{8543B6D7-0198-4A60-B231-A3643AF2308A}.Release|x86.Deploy.0 = Release|x86
		{C1EB5EE2-9232-4692-8460-DA9350CFE340}.AppStore|Any CPU.ActiveCfg = Release|Any CPU
		{C1EB5EE2-9232-4692-8460-DA9350CFE340}.AppStore|Any CPU.Build.0 = Release|Any CPU
		{C1EB5EE2-9232-4692-8460-DA9350CFE340}.Debug|Any CPU.ActiveCfg = Debug|Any CPU
		{C1EB5EE2-9232-4692-8460-DA9350CFE340}.Debug|Any CPU.Build.0 = Debug|Any CPU
		{C1EB5EE2-9232-4692-8460-DA9350CFE340}.Release|Any CPU.ActiveCfg = Release|Any CPU
		{C1EB5EE2-9232-4692-8460-DA9350CFE340}.Release|Any CPU.Build.0 = Release|Any CPU
		{C5B75501-A55D-4CAD-BA20-DDD5ED89589A}.Ad-Hoc|Any CPU.ActiveCfg = Release|Any CPU
		{C5B75501-A55D-4CAD-BA20-DDD5ED89589A}.Ad-Hoc|Any CPU.Build.0 = Release|Any CPU
		{C5B75501-A55D-4CAD-BA20-DDD5ED89589A}.Ad-Hoc|Any CPU.Deploy.0 = Release|Any CPU
		{C5B75501-A55D-4CAD-BA20-DDD5ED89589A}.Ad-Hoc|ARM.ActiveCfg = Release|Any CPU
		{C5B75501-A55D-4CAD-BA20-DDD5ED89589A}.Ad-Hoc|ARM.Build.0 = Release|Any CPU
		{C5B75501-A55D-4CAD-BA20-DDD5ED89589A}.Ad-Hoc|iPhone.ActiveCfg = Release|Any CPU
		{C5B75501-A55D-4CAD-BA20-DDD5ED89589A}.Ad-Hoc|iPhone.Build.0 = Release|Any CPU
		{C5B75501-A55D-4CAD-BA20-DDD5ED89589A}.Ad-Hoc|iPhoneSimulator.ActiveCfg = Release|Any CPU
		{C5B75501-A55D-4CAD-BA20-DDD5ED89589A}.Ad-Hoc|iPhoneSimulator.Build.0 = Release|Any CPU
		{C5B75501-A55D-4CAD-BA20-DDD5ED89589A}.Ad-Hoc|Mixed Platforms.ActiveCfg = Release|Any CPU
		{C5B75501-A55D-4CAD-BA20-DDD5ED89589A}.Ad-Hoc|Mixed Platforms.Build.0 = Release|Any CPU
		{C5B75501-A55D-4CAD-BA20-DDD5ED89589A}.Ad-Hoc|Mixed Platforms.Deploy.0 = Release|Any CPU
		{C5B75501-A55D-4CAD-BA20-DDD5ED89589A}.Ad-Hoc|x86.ActiveCfg = Release|Any CPU
		{C5B75501-A55D-4CAD-BA20-DDD5ED89589A}.Ad-Hoc|x86.Build.0 = Release|Any CPU
		{C5B75501-A55D-4CAD-BA20-DDD5ED89589A}.AppStore|Any CPU.ActiveCfg = Release|Any CPU
		{C5B75501-A55D-4CAD-BA20-DDD5ED89589A}.AppStore|Any CPU.Build.0 = Release|Any CPU
		{C5B75501-A55D-4CAD-BA20-DDD5ED89589A}.AppStore|Any CPU.Deploy.0 = Release|Any CPU
		{C5B75501-A55D-4CAD-BA20-DDD5ED89589A}.AppStore|ARM.ActiveCfg = Release|Any CPU
		{C5B75501-A55D-4CAD-BA20-DDD5ED89589A}.AppStore|ARM.Build.0 = Release|Any CPU
		{C5B75501-A55D-4CAD-BA20-DDD5ED89589A}.AppStore|iPhone.ActiveCfg = Release|Any CPU
		{C5B75501-A55D-4CAD-BA20-DDD5ED89589A}.AppStore|iPhone.Build.0 = Release|Any CPU
		{C5B75501-A55D-4CAD-BA20-DDD5ED89589A}.AppStore|iPhoneSimulator.ActiveCfg = Release|Any CPU
		{C5B75501-A55D-4CAD-BA20-DDD5ED89589A}.AppStore|iPhoneSimulator.Build.0 = Release|Any CPU
		{C5B75501-A55D-4CAD-BA20-DDD5ED89589A}.AppStore|Mixed Platforms.ActiveCfg = Release|Any CPU
		{C5B75501-A55D-4CAD-BA20-DDD5ED89589A}.AppStore|Mixed Platforms.Build.0 = Release|Any CPU
		{C5B75501-A55D-4CAD-BA20-DDD5ED89589A}.AppStore|Mixed Platforms.Deploy.0 = Release|Any CPU
		{C5B75501-A55D-4CAD-BA20-DDD5ED89589A}.AppStore|x86.ActiveCfg = Release|Any CPU
		{C5B75501-A55D-4CAD-BA20-DDD5ED89589A}.AppStore|x86.Build.0 = Release|Any CPU
		{C5B75501-A55D-4CAD-BA20-DDD5ED89589A}.Debug|Any CPU.ActiveCfg = Debug|Any CPU
		{C5B75501-A55D-4CAD-BA20-DDD5ED89589A}.Debug|Any CPU.Build.0 = Debug|Any CPU
		{C5B75501-A55D-4CAD-BA20-DDD5ED89589A}.Debug|Any CPU.Deploy.0 = Debug|Any CPU
		{C5B75501-A55D-4CAD-BA20-DDD5ED89589A}.Debug|ARM.ActiveCfg = Debug|Any CPU
		{C5B75501-A55D-4CAD-BA20-DDD5ED89589A}.Debug|ARM.Build.0 = Debug|Any CPU
		{C5B75501-A55D-4CAD-BA20-DDD5ED89589A}.Debug|iPhone.ActiveCfg = Debug|Any CPU
		{C5B75501-A55D-4CAD-BA20-DDD5ED89589A}.Debug|iPhone.Build.0 = Debug|Any CPU
		{C5B75501-A55D-4CAD-BA20-DDD5ED89589A}.Debug|iPhoneSimulator.ActiveCfg = Debug|Any CPU
		{C5B75501-A55D-4CAD-BA20-DDD5ED89589A}.Debug|iPhoneSimulator.Build.0 = Debug|Any CPU
		{C5B75501-A55D-4CAD-BA20-DDD5ED89589A}.Debug|Mixed Platforms.ActiveCfg = Debug|Any CPU
		{C5B75501-A55D-4CAD-BA20-DDD5ED89589A}.Debug|Mixed Platforms.Build.0 = Debug|Any CPU
		{C5B75501-A55D-4CAD-BA20-DDD5ED89589A}.Debug|Mixed Platforms.Deploy.0 = Debug|Any CPU
		{C5B75501-A55D-4CAD-BA20-DDD5ED89589A}.Debug|x86.ActiveCfg = Debug|Any CPU
		{C5B75501-A55D-4CAD-BA20-DDD5ED89589A}.Debug|x86.Build.0 = Debug|Any CPU
		{C5B75501-A55D-4CAD-BA20-DDD5ED89589A}.Release|Any CPU.ActiveCfg = Release|Any CPU
		{C5B75501-A55D-4CAD-BA20-DDD5ED89589A}.Release|Any CPU.Build.0 = Release|Any CPU
		{C5B75501-A55D-4CAD-BA20-DDD5ED89589A}.Release|Any CPU.Deploy.0 = Release|Any CPU
		{C5B75501-A55D-4CAD-BA20-DDD5ED89589A}.Release|ARM.ActiveCfg = Release|Any CPU
		{C5B75501-A55D-4CAD-BA20-DDD5ED89589A}.Release|ARM.Build.0 = Release|Any CPU
		{C5B75501-A55D-4CAD-BA20-DDD5ED89589A}.Release|iPhone.ActiveCfg = Release|Any CPU
		{C5B75501-A55D-4CAD-BA20-DDD5ED89589A}.Release|iPhone.Build.0 = Release|Any CPU
		{C5B75501-A55D-4CAD-BA20-DDD5ED89589A}.Release|iPhoneSimulator.ActiveCfg = Release|Any CPU
		{C5B75501-A55D-4CAD-BA20-DDD5ED89589A}.Release|iPhoneSimulator.Build.0 = Release|Any CPU
		{C5B75501-A55D-4CAD-BA20-DDD5ED89589A}.Release|Mixed Platforms.ActiveCfg = Release|Any CPU
		{C5B75501-A55D-4CAD-BA20-DDD5ED89589A}.Release|Mixed Platforms.Build.0 = Release|Any CPU
		{C5B75501-A55D-4CAD-BA20-DDD5ED89589A}.Release|Mixed Platforms.Deploy.0 = Release|Any CPU
		{C5B75501-A55D-4CAD-BA20-DDD5ED89589A}.Release|x86.ActiveCfg = Release|Any CPU
		{C5B75501-A55D-4CAD-BA20-DDD5ED89589A}.Release|x86.Build.0 = Release|Any CPU
		{C645AD55-F848-4787-BEB1-78B3F0667389}.Ad-Hoc|Any CPU.ActiveCfg = Release|Any CPU
		{C645AD55-F848-4787-BEB1-78B3F0667389}.Ad-Hoc|Any CPU.Build.0 = Release|Any CPU
		{C645AD55-F848-4787-BEB1-78B3F0667389}.Ad-Hoc|ARM.ActiveCfg = Release|Any CPU
		{C645AD55-F848-4787-BEB1-78B3F0667389}.Ad-Hoc|iPhone.ActiveCfg = Release|Any CPU
		{C645AD55-F848-4787-BEB1-78B3F0667389}.Ad-Hoc|iPhoneSimulator.ActiveCfg = Release|Any CPU
		{C645AD55-F848-4787-BEB1-78B3F0667389}.Ad-Hoc|Mixed Platforms.ActiveCfg = Release|Any CPU
		{C645AD55-F848-4787-BEB1-78B3F0667389}.Ad-Hoc|Mixed Platforms.Build.0 = Release|Any CPU
		{C645AD55-F848-4787-BEB1-78B3F0667389}.Ad-Hoc|x86.ActiveCfg = Release|Any CPU
		{C645AD55-F848-4787-BEB1-78B3F0667389}.AppStore|Any CPU.ActiveCfg = Release|Any CPU
		{C645AD55-F848-4787-BEB1-78B3F0667389}.AppStore|Any CPU.Build.0 = Release|Any CPU
		{C645AD55-F848-4787-BEB1-78B3F0667389}.AppStore|ARM.ActiveCfg = Release|Any CPU
		{C645AD55-F848-4787-BEB1-78B3F0667389}.AppStore|iPhone.ActiveCfg = Release|Any CPU
		{C645AD55-F848-4787-BEB1-78B3F0667389}.AppStore|iPhoneSimulator.ActiveCfg = Release|Any CPU
		{C645AD55-F848-4787-BEB1-78B3F0667389}.AppStore|Mixed Platforms.ActiveCfg = Release|Any CPU
		{C645AD55-F848-4787-BEB1-78B3F0667389}.AppStore|Mixed Platforms.Build.0 = Release|Any CPU
		{C645AD55-F848-4787-BEB1-78B3F0667389}.AppStore|x86.ActiveCfg = Release|Any CPU
		{C645AD55-F848-4787-BEB1-78B3F0667389}.Debug|Any CPU.ActiveCfg = Debug|Any CPU
		{C645AD55-F848-4787-BEB1-78B3F0667389}.Debug|Any CPU.Build.0 = Debug|Any CPU
		{C645AD55-F848-4787-BEB1-78B3F0667389}.Debug|ARM.ActiveCfg = Debug|Any CPU
		{C645AD55-F848-4787-BEB1-78B3F0667389}.Debug|iPhone.ActiveCfg = Debug|Any CPU
		{C645AD55-F848-4787-BEB1-78B3F0667389}.Debug|iPhone.Build.0 = Debug|Any CPU
		{C645AD55-F848-4787-BEB1-78B3F0667389}.Debug|iPhoneSimulator.ActiveCfg = Debug|Any CPU
		{C645AD55-F848-4787-BEB1-78B3F0667389}.Debug|iPhoneSimulator.Build.0 = Debug|Any CPU
		{C645AD55-F848-4787-BEB1-78B3F0667389}.Debug|Mixed Platforms.ActiveCfg = Debug|Any CPU
		{C645AD55-F848-4787-BEB1-78B3F0667389}.Debug|Mixed Platforms.Build.0 = Debug|Any CPU
		{C645AD55-F848-4787-BEB1-78B3F0667389}.Debug|x86.ActiveCfg = Debug|Any CPU
		{C645AD55-F848-4787-BEB1-78B3F0667389}.Release|Any CPU.ActiveCfg = Release|Any CPU
		{C645AD55-F848-4787-BEB1-78B3F0667389}.Release|Any CPU.Build.0 = Release|Any CPU
		{C645AD55-F848-4787-BEB1-78B3F0667389}.Release|ARM.ActiveCfg = Release|Any CPU
		{C645AD55-F848-4787-BEB1-78B3F0667389}.Release|iPhone.ActiveCfg = Release|Any CPU
		{C645AD55-F848-4787-BEB1-78B3F0667389}.Release|iPhoneSimulator.ActiveCfg = Release|Any CPU
		{C645AD55-F848-4787-BEB1-78B3F0667389}.Release|Mixed Platforms.ActiveCfg = Release|Any CPU
		{C645AD55-F848-4787-BEB1-78B3F0667389}.Release|Mixed Platforms.Build.0 = Release|Any CPU
		{C645AD55-F848-4787-BEB1-78B3F0667389}.Release|x86.ActiveCfg = Release|Any CPU
	EndGlobalSection
	GlobalSection(NestedProjects) = preSolution
	EndGlobalSection
	GlobalSection(MonoDevelopProperties) = preSolution
		version = 1.0
	EndGlobalSection
	GlobalSection(SolutionProperties) = preSolution
		HideSolutionNode = FALSE
	EndGlobalSection
EndGlobal
